// !$*UTF8*$!
{
	archiveVersion = 1;
	classes = {
	};
	objectVersion = 50;
	objects = {

/* Begin PBXBuildFile section */
		0A92D2912465EB39004342EC /* SleepCalculator.mlmodel in Sources */ = {isa = PBXBuildFile; fileRef = 0A92D2902465EB39004342EC /* SleepCalculator.mlmodel */; };
		0AA38E3A2465C6C200005A39 /* AppDelegate.swift in Sources */ = {isa = PBXBuildFile; fileRef = 0AA38E392465C6C200005A39 /* AppDelegate.swift */; };
		0AA38E3C2465C6C200005A39 /* SceneDelegate.swift in Sources */ = {isa = PBXBuildFile; fileRef = 0AA38E3B2465C6C200005A39 /* SceneDelegate.swift */; };
		0AA38E3E2465C6C200005A39 /* ContentView.swift in Sources */ = {isa = PBXBuildFile; fileRef = 0AA38E3D2465C6C200005A39 /* ContentView.swift */; };
		0AA38E402465C6C300005A39 /* Assets.xcassets in Resources */ = {isa = PBXBuildFile; fileRef = 0AA38E3F2465C6C300005A39 /* Assets.xcassets */; };
		0AA38E432465C6C300005A39 /* Preview Assets.xcassets in Resources */ = {isa = PBXBuildFile; fileRef = 0AA38E422465C6C300005A39 /* Preview Assets.xcassets */; };
		0AA38E462465C6C300005A39 /* LaunchScreen.storyboard in Resources */ = {isa = PBXBuildFile; fileRef = 0AA38E442465C6C300005A39 /* LaunchScreen.storyboard */; };
/* End PBXBuildFile section */

/* Begin PBXFileReference section */
		0A92D2902465EB39004342EC /* SleepCalculator.mlmodel */ = {isa = PBXFileReference; lastKnownFileType = file.mlmodel; path = SleepCalculator.mlmodel; sourceTree = SOURCE_ROOT; };
		0AA38E362465C6C200005A39 /* BetterRest - Project 4.app */ = {isa = PBXFileReference; explicitFileType = wrapper.application; includeInIndex = 0; path = "BetterRest - Project 4.app"; sourceTree = BUILT_PRODUCTS_DIR; };
		0AA38E392465C6C200005A39 /* AppDelegate.swift */ = {isa = PBXFileReference; lastKnownFileType = sourcecode.swift; path = AppDelegate.swift; sourceTree = "<group>"; };
		0AA38E3B2465C6C200005A39 /* SceneDelegate.swift */ = {isa = PBXFileReference; lastKnownFileType = sourcecode.swift; path = SceneDelegate.swift; sourceTree = "<group>"; };
		0AA38E3D2465C6C200005A39 /* ContentView.swift */ = {isa = PBXFileReference; lastKnownFileType = sourcecode.swift; path = ContentView.swift; sourceTree = "<group>"; };
		0AA38E3F2465C6C300005A39 /* Assets.xcassets */ = {isa = PBXFileReference; lastKnownFileType = folder.assetcatalog; path = Assets.xcassets; sourceTree = "<group>"; };
		0AA38E422465C6C300005A39 /* Preview Assets.xcassets */ = {isa = PBXFileReference; lastKnownFileType = folder.assetcatalog; path = "Preview Assets.xcassets"; sourceTree = "<group>"; };
		0AA38E452465C6C300005A39 /* Base */ = {isa = PBXFileReference; lastKnownFileType = file.storyboard; name = Base; path = Base.lproj/LaunchScreen.storyboard; sourceTree = "<group>"; };
		0AA38E472465C6C300005A39 /* Info.plist */ = {isa = PBXFileReference; lastKnownFileType = text.plist.xml; path = Info.plist; sourceTree = "<group>"; };
/* End PBXFileReference section */

/* Begin PBXFrameworksBuildPhase section */
		0AA38E332465C6C200005A39 /* Frameworks */ = {
			isa = PBXFrameworksBuildPhase;
			buildActionMask = 2147483647;
			files = (
			);
			runOnlyForDeploymentPostprocessing = 0;
		};
/* End PBXFrameworksBuildPhase section */

/* Begin PBXGroup section */
		0AA38E2D2465C6C200005A39 = {
			isa = PBXGroup;
			children = (
				0AA38E382465C6C200005A39 /* BetterRest - Project 4 */,
				0AA38E372465C6C200005A39 /* Products */,
			);
			sourceTree = "<group>";
		};
		0AA38E372465C6C200005A39 /* Products */ = {
			isa = PBXGroup;
			children = (
				0AA38E362465C6C200005A39 /* BetterRest - Project 4.app */,
			);
			name = Products;
			sourceTree = "<group>";
		};
		0AA38E382465C6C200005A39 /* BetterRest - Project 4 */ = {
			isa = PBXGroup;
			children = (
				0AA38E392465C6C200005A39 /* AppDelegate.swift */,
				0AA38E3B2465C6C200005A39 /* SceneDelegate.swift */,
				0AA38E3D2465C6C200005A39 /* ContentView.swift */,
				0AA38E3F2465C6C300005A39 /* Assets.xcassets */,
				0AA38E442465C6C300005A39 /* LaunchScreen.storyboard */,
				0AA38E472465C6C300005A39 /* Info.plist */,
				0A92D2902465EB39004342EC /* SleepCalculator.mlmodel */,
				0AA38E412465C6C300005A39 /* Preview Content */,
			);
			path = "BetterRest - Project 4";
			sourceTree = "<group>";
		};
		0AA38E412465C6C300005A39 /* Preview Content */ = {
			isa = PBXGroup;
			children = (
				0AA38E422465C6C300005A39 /* Preview Assets.xcassets */,
			);
			path = "Preview Content";
			sourceTree = "<group>";
		};
/* End PBXGroup section */

/* Begin PBXNativeTarget section */
		0AA38E352465C6C200005A39 /* BetterRest - Project 4 */ = {
			isa = PBXNativeTarget;
			buildConfigurationList = 0AA38E4A2465C6C300005A39 /* Build configuration list for PBXNativeTarget "BetterRest - Project 4" */;
			buildPhases = (
				0AA38E322465C6C200005A39 /* Sources */,
				0AA38E332465C6C200005A39 /* Frameworks */,
				0AA38E342465C6C200005A39 /* Resources */,
			);
			buildRules = (
			);
			dependencies = (
			);
			name = "BetterRest - Project 4";
			productName = "BetterRest - Project 4";
			productReference = 0AA38E362465C6C200005A39 /* BetterRest - Project 4.app */;
			productType = "com.apple.product-type.application";
		};
/* End PBXNativeTarget section */

/* Begin PBXProject section */
		0AA38E2E2465C6C200005A39 /* Project object */ = {
			isa = PBXProject;
			attributes = {
				LastSwiftUpdateCheck = 1130;
				LastUpgradeCheck = 1130;
				ORGANIZATIONNAME = "Justin Schwartz";
				TargetAttributes = {
					0AA38E352465C6C200005A39 = {
						CreatedOnToolsVersion = 11.3.1;
					};
				};
			};
			buildConfigurationList = 0AA38E312465C6C200005A39 /* Build configuration list for PBXProject "BetterRest - Project 4" */;
			compatibilityVersion = "Xcode 9.3";
			developmentRegion = en;
			hasScannedForEncodings = 0;
			knownRegions = (
				en,
				Base,
			);
			mainGroup = 0AA38E2D2465C6C200005A39;
			productRefGroup = 0AA38E372465C6C200005A39 /* Products */;
			projectDirPath = "";
			projectRoot = "";
			targets = (
				0AA38E352465C6C200005A39 /* BetterRest - Project 4 */,
			);
		};
/* End PBXProject section */

/* Begin PBXResourcesBuildPhase section */
		0AA38E342465C6C200005A39 /* Resources */ = {
			isa = PBXResourcesBuildPhase;
			buildActionMask = 2147483647;
			files = (
				0AA38E462465C6C300005A39 /* LaunchScreen.storyboard in Resources */,
				0AA38E432465C6C300005A39 /* Preview Assets.xcassets in Resources */,
				0AA38E402465C6C300005A39 /* Assets.xcassets in Resources */,
			);
			runOnlyForDeploymentPostprocessing = 0;
		};
/* End PBXResourcesBuildPhase section */

/* Begin PBXSourcesBuildPhase section */
		0AA38E322465C6C200005A39 /* Sources */ = {
			isa = PBXSourcesBuildPhase;
			buildActionMask = 2147483647;
			files = (
				0AA38E3A2465C6C200005A39 /* AppDelegate.swift in Sources */,
				0AA38E3C2465C6C200005A39 /* SceneDelegate.swift in Sources */,
				0A92D2912465EB39004342EC /* SleepCalculator.mlmodel in Sources */,
				0AA38E3E2465C6C200005A39 /* ContentView.swift in Sources */,
			);
			runOnlyForDeploymentPostprocessing = 0;
		};
/* End PBXSourcesBuildPhase section */

/* Begin PBXVariantGroup section */
		0AA38E442465C6C300005A39 /* LaunchScreen.storyboard */ = {
			isa = PBXVariantGroup;
			children = (
				0AA38E452465C6C300005A39 /* Base */,
			);
			name = LaunchScreen.storyboard;
			sourceTree = "<group>";
		};
/* End PBXVariantGroup section */

/* Begin XCBuildConfiguration section */
		0AA38E482465C6C300005A39 /* Debug */ = {
			isa = XCBuildConfiguration;
			buildSettings = {
				ALWAYS_SEARCH_USER_PATHS = NO;
				CLANG_ANALYZER_NONNULL = YES;
				CLANG_ANALYZER_NUMBER_OBJECT_CONVERSION = YES_AGGRESSIVE;
				CLANG_CXX_LANGUAGE_STANDARD = "gnu++14";
				CLANG_CXX_LIBRARY = "libc++";
				CLANG_ENABLE_MODULES = YES;
				CLANG_ENABLE_OBJC_ARC = YES;
				CLANG_ENABLE_OBJC_WEAK = YES;
				CLANG_WARN_BLOCK_CAPTURE_AUTORELEASING = YES;
				CLANG_WARN_BOOL_CONVERSION = YES;
				CLANG_WARN_COMMA = YES;
				CLANG_WARN_CONSTANT_CONVERSION = YES;
				CLANG_WARN_DEPRECATED_OBJC_IMPLEMENTATIONS = YES;
				CLANG_WARN_DIRECT_OBJC_ISA_USAGE = YES_ERROR;
				CLANG_WARN_DOCUMENTATION_COMMENTS = YES;
				CLANG_WARN_EMPTY_BODY = YES;
				CLANG_WARN_ENUM_CONVERSION = YES;
				CLANG_WARN_INFINITE_RECURSION = YES;
				CLANG_WARN_INT_CONVERSION = YES;
				CLANG_WARN_NON_LITERAL_NULL_CONVERSION = YES;
				CLANG_WARN_OBJC_IMPLICIT_RETAIN_SELF = YES;
				CLANG_WARN_OBJC_LITERAL_CONVERSION = YES;
				CLANG_WARN_OBJC_ROOT_CLASS = YES_ERROR;
				CLANG_WARN_RANGE_LOOP_ANALYSIS = YES;
				CLANG_WARN_STRICT_PROTOTYPES = YES;
				CLANG_WARN_SUSPICIOUS_MOVE = YES;
				CLANG_WARN_UNGUARDED_AVAILABILITY = YES_AGGRESSIVE;
				CLANG_WARN_UNREACHABLE_CODE = YES;
				CLANG_WARN__DUPLICATE_METHOD_MATCH = YES;
				COPY_PHASE_STRIP = NO;
				DEBUG_INFORMATION_FORMAT = dwarf;
				ENABLE_STRICT_OBJC_MSGSEND = YES;
				ENABLE_TESTABILITY = YES;
				GCC_C_LANGUAGE_STANDARD = gnu11;
				GCC_DYNAMIC_NO_PIC = NO;
				GCC_NO_COMMON_BLOCKS = YES;
				GCC_OPTIMIZATION_LEVEL = 0;
				GCC_PREPROCESSOR_DEFINITIONS = (
					"DEBUG=1",
					"$(inherited)",
				);
				GCC_WARN_64_TO_32_BIT_CONVERSION = YES;
				GCC_WARN_ABOUT_RETURN_TYPE = YES_ERROR;
				GCC_WARN_UNDECLARED_SELECTOR = YES;
				GCC_WARN_UNINITIALIZED_AUTOS = YES_AGGRESSIVE;
				GCC_WARN_UNUSED_FUNCTION = YES;
				GCC_WARN_UNUSED_VARIABLE = YES;
				IPHONEOS_DEPLOYMENT_TARGET = 13.2;
				MTL_ENABLE_DEBUG_INFO = INCLUDE_SOURCE;
				MTL_FAST_MATH = YES;
				ONLY_ACTIVE_ARCH = YES;
				SDKROOT = iphoneos;
				SWIFT_ACTIVE_COMPILATION_CONDITIONS = DEBUG;
				SWIFT_OPTIMIZATION_LEVEL = "-Onone";
			};
			name = Debug;
		};
		0AA38E492465C6C300005A39 /* Release */ = {
			isa = XCBuildConfiguration;
			buildSettings = {
				ALWAYS_SEARCH_USER_PATHS = NO;
				CLANG_ANALYZER_NONNULL = YES;
				CLANG_ANALYZER_NUMBER_OBJECT_CONVERSION = YES_AGGRESSIVE;
				CLANG_CXX_LANGUAGE_STANDARD = "gnu++14";
				CLANG_CXX_LIBRARY = "libc++";
				CLANG_ENABLE_MODULES = YES;
				CLANG_ENABLE_OBJC_ARC = YES;
				CLANG_ENABLE_OBJC_WEAK = YES;
				CLANG_WARN_BLOCK_CAPTURE_AUTORELEASING = YES;
				CLANG_WARN_BOOL_CONVERSION = YES;
				CLANG_WARN_COMMA = YES;
				CLANG_WARN_CONSTANT_CONVERSION = YES;
				CLANG_WARN_DEPRECATED_OBJC_IMPLEMENTATIONS = YES;
				CLANG_WARN_DIRECT_OBJC_ISA_USAGE = YES_ERROR;
				CLANG_WARN_DOCUMENTATION_COMMENTS = YES;
				CLANG_WARN_EMPTY_BODY = YES;
				CLANG_WARN_ENUM_CONVERSION = YES;
				CLANG_WARN_INFINITE_RECURSION = YES;
				CLANG_WARN_INT_CONVERSION = YES;
				CLANG_WARN_NON_LITERAL_NULL_CONVERSION = YES;
				CLANG_WARN_OBJC_IMPLICIT_RETAIN_SELF = YES;
				CLANG_WARN_OBJC_LITERAL_CONVERSION = YES;
				CLANG_WARN_OBJC_ROOT_CLASS = YES_ERROR;
				CLANG_WARN_RANGE_LOOP_ANALYSIS = YES;
				CLANG_WARN_STRICT_PROTOTYPES = YES;
				CLANG_WARN_SUSPICIOUS_MOVE = YES;
				CLANG_WARN_UNGUARDED_AVAILABILITY = YES_AGGRESSIVE;
				CLANG_WARN_UNREACHABLE_CODE = YES;
				CLANG_WARN__DUPLICATE_METHOD_MATCH = YES;
				COPY_PHASE_STRIP = NO;
				DEBUG_INFORMATION_FORMAT = "dwarf-with-dsym";
				ENABLE_NS_ASSERTIONS = NO;
				ENABLE_STRICT_OBJC_MSGSEND = YES;
				GCC_C_LANGUAGE_STANDARD = gnu11;
				GCC_NO_COMMON_BLOCKS = YES;
				GCC_WARN_64_TO_32_BIT_CONVERSION = YES;
				GCC_WARN_ABOUT_RETURN_TYPE = YES_ERROR;
				GCC_WARN_UNDECLARED_SELECTOR = YES;
				GCC_WARN_UNINITIALIZED_AUTOS = YES_AGGRESSIVE;
				GCC_WARN_UNUSED_FUNCTION = YES;
				GCC_WARN_UNUSED_VARIABLE = YES;
				IPHONEOS_DEPLOYMENT_TARGET = 13.2;
				MTL_ENABLE_DEBUG_INFO = NO;
				MTL_FAST_MATH = YES;
				SDKROOT = iphoneos;
				SWIFT_COMPILATION_MODE = wholemodule;
				SWIFT_OPTIMIZATION_LEVEL = "-O";
				VALIDATE_PRODUCT = YES;
			};
			name = Release;
		};
		0AA38E4B2465C6C300005A39 /* Debug */ = {
			isa = XCBuildConfiguration;
			buildSettings = {
				ASSETCATALOG_COMPILER_APPICON_NAME = AppIcon;
				CODE_SIGN_STYLE = Automatic;
				DEVELOPMENT_ASSET_PATHS = "\"BetterRest - Project 4/Preview Content\"";
				ENABLE_PREVIEWS = YES;
				INFOPLIST_FILE = "BetterRest - Project 4/Info.plist";
				LD_RUNPATH_SEARCH_PATHS = (
					"$(inherited)",
					"@executable_path/Frameworks",
				);
				PRODUCT_BUNDLE_IDENTIFIER = "com.JustinSchwartz.BetterRest---Project-4";
				PRODUCT_NAME = "$(TARGET_NAME)";
				SWIFT_VERSION = 5.0;
				TARGETED_DEVICE_FAMILY = "1,2";
			};
			name = Debug;
		};
		0AA38E4C2465C6C300005A39 /* Release */ = {
			isa = XCBuildConfiguration;
			buildSettings = {
				ASSETCATALOG_COMPILER_APPICON_NAME = AppIcon;
				CODE_SIGN_STYLE = Automatic;
				DEVELOPMENT_ASSET_PATHS = "\"BetterRest - Project 4/Preview Content\"";
				ENABLE_PREVIEWS = YES;
				INFOPLIST_FILE = "BetterRest - Project 4/Info.plist";
				LD_RUNPATH_SEARCH_PATHS = (
					"$(inherited)",
					"@executable_path/Frameworks",
				);
				PRODUCT_BUNDLE_IDENTIFIER = "com.JustinSchwartz.BetterRest---Project-4";
				PRODUCT_NAME = "$(TARGET_NAME)";
				SWIFT_VERSION = 5.0;
				TARGETED_DEVICE_FAMILY = "1,2";
			};
			name = Release;
		};
/* End XCBuildConfiguration section */

/* Begin XCConfigurationList section */
		0AA38E312465C6C200005A39 /* Build configuration list for PBXProject "BetterRest - Project 4" */ = {
			isa = XCConfigurationList;
			buildConfigurations = (
				0AA38E482465C6C300005A39 /* Debug */,
				0AA38E492465C6C300005A39 /* Release */,
			);
			defaultConfigurationIsVisible = 0;
			defaultConfigurationName = Release;
		};
		0AA38E4A2465C6C300005A39 /* Build configuration list for PBXNativeTarget "BetterRest - Project 4" */ = {
			isa = XCConfigurationList;
			buildConfigurations = (
				0AA38E4B2465C6C300005A39 /* Debug */,
				0AA38E4C2465C6C300005A39 /* Release */,
			);
			defaultConfigurationIsVisible = 0;
			defaultConfigurationName = Release;
		};
/* End XCConfigurationList section */
	};
	rootObject = 0AA38E2E2465C6C200005A39 /* Project object */;
}
