// !$*UTF8*$!
{
	archiveVersion = 1;
	classes = {
	};
	objectVersion = 50;
	objects = {

/* Begin PBXBuildFile section */
		0A051968249EB40B0084904B /* AppDelegate.swift in Sources */ = {isa = PBXBuildFile; fileRef = 0A051967249EB40B0084904B /* AppDelegate.swift */; };
		0A05196A249EB40B0084904B /* SceneDelegate.swift in Sources */ = {isa = PBXBuildFile; fileRef = 0A051969249EB40B0084904B /* SceneDelegate.swift */; };
		0A05196D249EB40B0084904B /* Challenge_4___HabitTracker.xcdatamodeld in Sources */ = {isa = PBXBuildFile; fileRef = 0A05196B249EB40B0084904B /* Challenge_4___HabitTracker.xcdatamodeld */; };
		0A05196F249EB40B0084904B /* ContentView.swift in Sources */ = {isa = PBXBuildFile; fileRef = 0A05196E249EB40B0084904B /* ContentView.swift */; };
		0A051971249EB40F0084904B /* Assets.xcassets in Resources */ = {isa = PBXBuildFile; fileRef = 0A051970249EB40F0084904B /* Assets.xcassets */; };
		0A051974249EB40F0084904B /* Preview Assets.xcassets in Resources */ = {isa = PBXBuildFile; fileRef = 0A051973249EB40F0084904B /* Preview Assets.xcassets */; };
		0A051977249EB40F0084904B /* LaunchScreen.storyboard in Resources */ = {isa = PBXBuildFile; fileRef = 0A051975249EB40F0084904B /* LaunchScreen.storyboard */; };
		0A05197F249EB6670084904B /* AddView.swift in Sources */ = {isa = PBXBuildFile; fileRef = 0A05197E249EB6670084904B /* AddView.swift */; };
		0A051981249EC56B0084904B /* EditView.swift in Sources */ = {isa = PBXBuildFile; fileRef = 0A051980249EC56B0084904B /* EditView.swift */; };
/* End PBXBuildFile section */

/* Begin PBXFileReference section */
		0A051964249EB40B0084904B /* Challenge 4 - HabitTracker.app */ = {isa = PBXFileReference; explicitFileType = wrapper.application; includeInIndex = 0; path = "Challenge 4 - HabitTracker.app"; sourceTree = BUILT_PRODUCTS_DIR; };
		0A051967249EB40B0084904B /* AppDelegate.swift */ = {isa = PBXFileReference; lastKnownFileType = sourcecode.swift; path = AppDelegate.swift; sourceTree = "<group>"; };
		0A051969249EB40B0084904B /* SceneDelegate.swift */ = {isa = PBXFileReference; lastKnownFileType = sourcecode.swift; path = SceneDelegate.swift; sourceTree = "<group>"; };
		0A05196C249EB40B0084904B /* Challenge_4___HabitTracker.xcdatamodel */ = {isa = PBXFileReference; lastKnownFileType = wrapper.xcdatamodel; path = "Challenge_4___HabitTracker.xcdatamodel"; sourceTree = "<group>"; };
		0A05196E249EB40B0084904B /* ContentView.swift */ = {isa = PBXFileReference; lastKnownFileType = sourcecode.swift; path = ContentView.swift; sourceTree = "<group>"; };
		0A051970249EB40F0084904B /* Assets.xcassets */ = {isa = PBXFileReference; lastKnownFileType = folder.assetcatalog; path = Assets.xcassets; sourceTree = "<group>"; };
		0A051973249EB40F0084904B /* Preview Assets.xcassets */ = {isa = PBXFileReference; lastKnownFileType = folder.assetcatalog; path = "Preview Assets.xcassets"; sourceTree = "<group>"; };
		0A051976249EB40F0084904B /* Base */ = {isa = PBXFileReference; lastKnownFileType = file.storyboard; name = Base; path = Base.lproj/LaunchScreen.storyboard; sourceTree = "<group>"; };
		0A051978249EB40F0084904B /* Info.plist */ = {isa = PBXFileReference; lastKnownFileType = text.plist.xml; path = Info.plist; sourceTree = "<group>"; };
		0A05197E249EB6670084904B /* AddView.swift */ = {isa = PBXFileReference; lastKnownFileType = sourcecode.swift; path = AddView.swift; sourceTree = "<group>"; };
		0A051980249EC56B0084904B /* EditView.swift */ = {isa = PBXFileReference; lastKnownFileType = sourcecode.swift; path = EditView.swift; sourceTree = "<group>"; };
/* End PBXFileReference section */

/* Begin PBXFrameworksBuildPhase section */
		0A051961249EB40B0084904B /* Frameworks */ = {
			isa = PBXFrameworksBuildPhase;
			buildActionMask = 2147483647;
			files = (
			);
			runOnlyForDeploymentPostprocessing = 0;
		};
/* End PBXFrameworksBuildPhase section */

/* Begin PBXGroup section */
		0A05195B249EB40B0084904B = {
			isa = PBXGroup;
			children = (
				0A051966249EB40B0084904B /* Challenge 4 - HabitTracker */,
				0A051965249EB40B0084904B /* Products */,
			);
			sourceTree = "<group>";
		};
		0A051965249EB40B0084904B /* Products */ = {
			isa = PBXGroup;
			children = (
				0A051964249EB40B0084904B /* Challenge 4 - HabitTracker.app */,
			);
			name = Products;
			sourceTree = "<group>";
		};
		0A051966249EB40B0084904B /* Challenge 4 - HabitTracker */ = {
			isa = PBXGroup;
			children = (
				0A051967249EB40B0084904B /* AppDelegate.swift */,
				0A05197E249EB6670084904B /* AddView.swift */,
				0A051969249EB40B0084904B /* SceneDelegate.swift */,
				0A05196E249EB40B0084904B /* ContentView.swift */,
				0A051970249EB40F0084904B /* Assets.xcassets */,
				0A051975249EB40F0084904B /* LaunchScreen.storyboard */,
				0A051980249EC56B0084904B /* EditView.swift */,
				0A051978249EB40F0084904B /* Info.plist */,
				0A05196B249EB40B0084904B /* Challenge_4___HabitTracker.xcdatamodeld */,
				0A051972249EB40F0084904B /* Preview Content */,
			);
			path = "Challenge 4 - HabitTracker";
			sourceTree = "<group>";
		};
		0A051972249EB40F0084904B /* Preview Content */ = {
			isa = PBXGroup;
			children = (
				0A051973249EB40F0084904B /* Preview Assets.xcassets */,
			);
			path = "Preview Content";
			sourceTree = "<group>";
		};
/* End PBXGroup section */

/* Begin PBXNativeTarget section */
		0A051963249EB40B0084904B /* Challenge 4 - HabitTracker */ = {
			isa = PBXNativeTarget;
			buildConfigurationList = 0A05197B249EB40F0084904B /* Build configuration list for PBXNativeTarget "Challenge 4 - HabitTracker" */;
			buildPhases = (
				0A051960249EB40B0084904B /* Sources */,
				0A051961249EB40B0084904B /* Frameworks */,
				0A051962249EB40B0084904B /* Resources */,
			);
			buildRules = (
			);
			dependencies = (
			);
			name = "Challenge 4 - HabitTracker";
			productName = "Challenge 4 - HabitTracker";
			productReference = 0A051964249EB40B0084904B /* Challenge 4 - HabitTracker.app */;
			productType = "com.apple.product-type.application";
		};
/* End PBXNativeTarget section */

/* Begin PBXProject section */
		0A05195C249EB40B0084904B /* Project object */ = {
			isa = PBXProject;
			attributes = {
				LastSwiftUpdateCheck = 1150;
				LastUpgradeCheck = 1150;
				ORGANIZATIONNAME = "Justin Schwartz";
				TargetAttributes = {
					0A051963249EB40B0084904B = {
						CreatedOnToolsVersion = 11.5;
					};
				};
			};
			buildConfigurationList = 0A05195F249EB40B0084904B /* Build configuration list for PBXProject "Challenge 4 - HabitTracker" */;
			compatibilityVersion = "Xcode 9.3";
			developmentRegion = en;
			hasScannedForEncodings = 0;
			knownRegions = (
				en,
				Base,
			);
			mainGroup = 0A05195B249EB40B0084904B;
			productRefGroup = 0A051965249EB40B0084904B /* Products */;
			projectDirPath = "";
			projectRoot = "";
			targets = (
				0A051963249EB40B0084904B /* Challenge 4 - HabitTracker */,
			);
		};
/* End PBXProject section */

/* Begin PBXResourcesBuildPhase section */
		0A051962249EB40B0084904B /* Resources */ = {
			isa = PBXResourcesBuildPhase;
			buildActionMask = 2147483647;
			files = (
				0A051977249EB40F0084904B /* LaunchScreen.storyboard in Resources */,
				0A051974249EB40F0084904B /* Preview Assets.xcassets in Resources */,
				0A051971249EB40F0084904B /* Assets.xcassets in Resources */,
			);
			runOnlyForDeploymentPostprocessing = 0;
		};
/* End PBXResourcesBuildPhase section */

/* Begin PBXSourcesBuildPhase section */
		0A051960249EB40B0084904B /* Sources */ = {
			isa = PBXSourcesBuildPhase;
			buildActionMask = 2147483647;
			files = (
				0A051968249EB40B0084904B /* AppDelegate.swift in Sources */,
				0A05196D249EB40B0084904B /* Challenge_4___HabitTracker.xcdatamodeld in Sources */,
				0A051981249EC56B0084904B /* EditView.swift in Sources */,
				0A05197F249EB6670084904B /* AddView.swift in Sources */,
				0A05196F249EB40B0084904B /* ContentView.swift in Sources */,
				0A05196A249EB40B0084904B /* SceneDelegate.swift in Sources */,
			);
			runOnlyForDeploymentPostprocessing = 0;
		};
/* End PBXSourcesBuildPhase section */

/* Begin PBXVariantGroup section */
		0A051975249EB40F0084904B /* LaunchScreen.storyboard */ = {
			isa = PBXVariantGroup;
			children = (
				0A051976249EB40F0084904B /* Base */,
			);
			name = LaunchScreen.storyboard;
			sourceTree = "<group>";
		};
/* End PBXVariantGroup section */

/* Begin XCBuildConfiguration section */
		0A051979249EB40F0084904B /* Debug */ = {
			isa = XCBuildConfiguration;
			buildSettings = {
				ALWAYS_SEARCH_USER_PATHS = NO;
				CLANG_ANALYZER_NONNULL = YES;
				CLANG_ANALYZER_NUMBER_OBJECT_CONVERSION = YES_AGGRESSIVE;
				CLANG_CXX_LANGUAGE_STANDARD = "gnu++14";
				CLANG_CXX_LIBRARY = "libc++";
				CLANG_ENABLE_MODULES = YES;
				CLANG_ENABLE_OBJC_ARC = YES;
				CLANG_ENABLE_OBJC_WEAK = YES;
				CLANG_WARN_BLOCK_CAPTURE_AUTORELEASING = YES;
				CLANG_WARN_BOOL_CONVERSION = YES;
				CLANG_WARN_COMMA = YES;
				CLANG_WARN_CONSTANT_CONVERSION = YES;
				CLANG_WARN_DEPRECATED_OBJC_IMPLEMENTATIONS = YES;
				CLANG_WARN_DIRECT_OBJC_ISA_USAGE = YES_ERROR;
				CLANG_WARN_DOCUMENTATION_COMMENTS = YES;
				CLANG_WARN_EMPTY_BODY = YES;
				CLANG_WARN_ENUM_CONVERSION = YES;
				CLANG_WARN_INFINITE_RECURSION = YES;
				CLANG_WARN_INT_CONVERSION = YES;
				CLANG_WARN_NON_LITERAL_NULL_CONVERSION = YES;
				CLANG_WARN_OBJC_IMPLICIT_RETAIN_SELF = YES;
				CLANG_WARN_OBJC_LITERAL_CONVERSION = YES;
				CLANG_WARN_OBJC_ROOT_CLASS = YES_ERROR;
				CLANG_WARN_RANGE_LOOP_ANALYSIS = YES;
				CLANG_WARN_STRICT_PROTOTYPES = YES;
				CLANG_WARN_SUSPICIOUS_MOVE = YES;
				CLANG_WARN_UNGUARDED_AVAILABILITY = YES_AGGRESSIVE;
				CLANG_WARN_UNREACHABLE_CODE = YES;
				CLANG_WARN__DUPLICATE_METHOD_MATCH = YES;
				COPY_PHASE_STRIP = NO;
				DEBUG_INFORMATION_FORMAT = dwarf;
				ENABLE_STRICT_OBJC_MSGSEND = YES;
				ENABLE_TESTABILITY = YES;
				GCC_C_LANGUAGE_STANDARD = gnu11;
				GCC_DYNAMIC_NO_PIC = NO;
				GCC_NO_COMMON_BLOCKS = YES;
				GCC_OPTIMIZATION_LEVEL = 0;
				GCC_PREPROCESSOR_DEFINITIONS = (
					"DEBUG=1",
					"$(inherited)",
				);
				GCC_WARN_64_TO_32_BIT_CONVERSION = YES;
				GCC_WARN_ABOUT_RETURN_TYPE = YES_ERROR;
				GCC_WARN_UNDECLARED_SELECTOR = YES;
				GCC_WARN_UNINITIALIZED_AUTOS = YES_AGGRESSIVE;
				GCC_WARN_UNUSED_FUNCTION = YES;
				GCC_WARN_UNUSED_VARIABLE = YES;
				IPHONEOS_DEPLOYMENT_TARGET = 13.5;
				MTL_ENABLE_DEBUG_INFO = INCLUDE_SOURCE;
				MTL_FAST_MATH = YES;
				ONLY_ACTIVE_ARCH = YES;
				SDKROOT = iphoneos;
				SWIFT_ACTIVE_COMPILATION_CONDITIONS = DEBUG;
				SWIFT_OPTIMIZATION_LEVEL = "-Onone";
			};
			name = Debug;
		};
		0A05197A249EB40F0084904B /* Release */ = {
			isa = XCBuildConfiguration;
			buildSettings = {
				ALWAYS_SEARCH_USER_PATHS = NO;
				CLANG_ANALYZER_NONNULL = YES;
				CLANG_ANALYZER_NUMBER_OBJECT_CONVERSION = YES_AGGRESSIVE;
				CLANG_CXX_LANGUAGE_STANDARD = "gnu++14";
				CLANG_CXX_LIBRARY = "libc++";
				CLANG_ENABLE_MODULES = YES;
				CLANG_ENABLE_OBJC_ARC = YES;
				CLANG_ENABLE_OBJC_WEAK = YES;
				CLANG_WARN_BLOCK_CAPTURE_AUTORELEASING = YES;
				CLANG_WARN_BOOL_CONVERSION = YES;
				CLANG_WARN_COMMA = YES;
				CLANG_WARN_CONSTANT_CONVERSION = YES;
				CLANG_WARN_DEPRECATED_OBJC_IMPLEMENTATIONS = YES;
				CLANG_WARN_DIRECT_OBJC_ISA_USAGE = YES_ERROR;
				CLANG_WARN_DOCUMENTATION_COMMENTS = YES;
				CLANG_WARN_EMPTY_BODY = YES;
				CLANG_WARN_ENUM_CONVERSION = YES;
				CLANG_WARN_INFINITE_RECURSION = YES;
				CLANG_WARN_INT_CONVERSION = YES;
				CLANG_WARN_NON_LITERAL_NULL_CONVERSION = YES;
				CLANG_WARN_OBJC_IMPLICIT_RETAIN_SELF = YES;
				CLANG_WARN_OBJC_LITERAL_CONVERSION = YES;
				CLANG_WARN_OBJC_ROOT_CLASS = YES_ERROR;
				CLANG_WARN_RANGE_LOOP_ANALYSIS = YES;
				CLANG_WARN_STRICT_PROTOTYPES = YES;
				CLANG_WARN_SUSPICIOUS_MOVE = YES;
				CLANG_WARN_UNGUARDED_AVAILABILITY = YES_AGGRESSIVE;
				CLANG_WARN_UNREACHABLE_CODE = YES;
				CLANG_WARN__DUPLICATE_METHOD_MATCH = YES;
				COPY_PHASE_STRIP = NO;
				DEBUG_INFORMATION_FORMAT = "dwarf-with-dsym";
				ENABLE_NS_ASSERTIONS = NO;
				ENABLE_STRICT_OBJC_MSGSEND = YES;
				GCC_C_LANGUAGE_STANDARD = gnu11;
				GCC_NO_COMMON_BLOCKS = YES;
				GCC_WARN_64_TO_32_BIT_CONVERSION = YES;
				GCC_WARN_ABOUT_RETURN_TYPE = YES_ERROR;
				GCC_WARN_UNDECLARED_SELECTOR = YES;
				GCC_WARN_UNINITIALIZED_AUTOS = YES_AGGRESSIVE;
				GCC_WARN_UNUSED_FUNCTION = YES;
				GCC_WARN_UNUSED_VARIABLE = YES;
				IPHONEOS_DEPLOYMENT_TARGET = 13.5;
				MTL_ENABLE_DEBUG_INFO = NO;
				MTL_FAST_MATH = YES;
				SDKROOT = iphoneos;
				SWIFT_COMPILATION_MODE = wholemodule;
				SWIFT_OPTIMIZATION_LEVEL = "-O";
				VALIDATE_PRODUCT = YES;
			};
			name = Release;
		};
		0A05197C249EB40F0084904B /* Debug */ = {
			isa = XCBuildConfiguration;
			buildSettings = {
				ASSETCATALOG_COMPILER_APPICON_NAME = AppIcon;
				CODE_SIGN_STYLE = Automatic;
				DEVELOPMENT_ASSET_PATHS = "\"Challenge 4 - HabitTracker/Preview Content\"";
				DEVELOPMENT_TEAM = 2VRMBVK7FZ;
				ENABLE_PREVIEWS = YES;
				INFOPLIST_FILE = "Challenge 4 - HabitTracker/Info.plist";
				LD_RUNPATH_SEARCH_PATHS = (
					"$(inherited)",
					"@executable_path/Frameworks",
				);
				PRODUCT_BUNDLE_IDENTIFIER = "com.JustinSchwartz.Challenge-4---HabitTracker";
				PRODUCT_NAME = "$(TARGET_NAME)";
				SWIFT_VERSION = 5.0;
				TARGETED_DEVICE_FAMILY = "1,2";
			};
			name = Debug;
		};
		0A05197D249EB40F0084904B /* Release */ = {
			isa = XCBuildConfiguration;
			buildSettings = {
				ASSETCATALOG_COMPILER_APPICON_NAME = AppIcon;
				CODE_SIGN_STYLE = Automatic;
				DEVELOPMENT_ASSET_PATHS = "\"Challenge 4 - HabitTracker/Preview Content\"";
				DEVELOPMENT_TEAM = 2VRMBVK7FZ;
				ENABLE_PREVIEWS = YES;
				INFOPLIST_FILE = "Challenge 4 - HabitTracker/Info.plist";
				LD_RUNPATH_SEARCH_PATHS = (
					"$(inherited)",
					"@executable_path/Frameworks",
				);
				PRODUCT_BUNDLE_IDENTIFIER = "com.JustinSchwartz.Challenge-4---HabitTracker";
				PRODUCT_NAME = "$(TARGET_NAME)";
				SWIFT_VERSION = 5.0;
				TARGETED_DEVICE_FAMILY = "1,2";
			};
			name = Release;
		};
/* End XCBuildConfiguration section */

/* Begin XCConfigurationList section */
		0A05195F249EB40B0084904B /* Build configuration list for PBXProject "Challenge 4 - HabitTracker" */ = {
			isa = XCConfigurationList;
			buildConfigurations = (
				0A051979249EB40F0084904B /* Debug */,
				0A05197A249EB40F0084904B /* Release */,
			);
			defaultConfigurationIsVisible = 0;
			defaultConfigurationName = Release;
		};
		0A05197B249EB40F0084904B /* Build configuration list for PBXNativeTarget "Challenge 4 - HabitTracker" */ = {
			isa = XCConfigurationList;
			buildConfigurations = (
				0A05197C249EB40F0084904B /* Debug */,
				0A05197D249EB40F0084904B /* Release */,
			);
			defaultConfigurationIsVisible = 0;
			defaultConfigurationName = Release;
		};
/* End XCConfigurationList section */

/* Begin XCVersionGroup section */
		0A05196B249EB40B0084904B /* Challenge_4___HabitTracker.xcdatamodeld */ = {
			isa = XCVersionGroup;
			children = (
				0A05196C249EB40B0084904B /* Challenge_4___HabitTracker.xcdatamodel */,
			);
			currentVersion = 0A05196C249EB40B0084904B /* Challenge_4___HabitTracker.xcdatamodel */;
			path = "Challenge_4___HabitTracker.xcdatamodeld";
			sourceTree = "<group>";
			versionGroupType = wrapper.xcdatamodel;
		};
/* End XCVersionGroup section */
	};
	rootObject = 0A05195C249EB40B0084904B /* Project object */;
}
