// !$*UTF8*$!
{
	archiveVersion = 1;
	classes = {
	};
	objectVersion = 50;
	objects = {

/* Begin PBXBuildFile section */
		0AEC0FC02475927D00902D94 /* AppDelegate.swift in Sources */ = {isa = PBXBuildFile; fileRef = 0AEC0FBF2475927D00902D94 /* AppDelegate.swift */; };
		0AEC0FC22475927D00902D94 /* SceneDelegate.swift in Sources */ = {isa = PBXBuildFile; fileRef = 0AEC0FC12475927D00902D94 /* SceneDelegate.swift */; };
		0AEC0FC42475927D00902D94 /* ContentView.swift in Sources */ = {isa = PBXBuildFile; fileRef = 0AEC0FC32475927D00902D94 /* ContentView.swift */; };
		0AEC0FC62475927E00902D94 /* Assets.xcassets in Resources */ = {isa = PBXBuildFile; fileRef = 0AEC0FC52475927E00902D94 /* Assets.xcassets */; };
		0AEC0FC92475927E00902D94 /* Preview Assets.xcassets in Resources */ = {isa = PBXBuildFile; fileRef = 0AEC0FC82475927E00902D94 /* Preview Assets.xcassets */; };
		0AEC0FCC2475927E00902D94 /* LaunchScreen.storyboard in Resources */ = {isa = PBXBuildFile; fileRef = 0AEC0FCA2475927E00902D94 /* LaunchScreen.storyboard */; };
		0AEC0FD42475DB7800902D94 /* AddView.swift in Sources */ = {isa = PBXBuildFile; fileRef = 0AEC0FD32475DB7800902D94 /* AddView.swift */; };
/* End PBXBuildFile section */

/* Begin PBXFileReference section */
		0AEC0FBC2475927D00902D94 /* Project 7 - iExpense.app */ = {isa = PBXFileReference; explicitFileType = wrapper.application; includeInIndex = 0; path = "Project 7 - iExpense.app"; sourceTree = BUILT_PRODUCTS_DIR; };
		0AEC0FBF2475927D00902D94 /* AppDelegate.swift */ = {isa = PBXFileReference; lastKnownFileType = sourcecode.swift; path = AppDelegate.swift; sourceTree = "<group>"; };
		0AEC0FC12475927D00902D94 /* SceneDelegate.swift */ = {isa = PBXFileReference; lastKnownFileType = sourcecode.swift; path = SceneDelegate.swift; sourceTree = "<group>"; };
		0AEC0FC32475927D00902D94 /* ContentView.swift */ = {isa = PBXFileReference; lastKnownFileType = sourcecode.swift; path = ContentView.swift; sourceTree = "<group>"; };
		0AEC0FC52475927E00902D94 /* Assets.xcassets */ = {isa = PBXFileReference; lastKnownFileType = folder.assetcatalog; path = Assets.xcassets; sourceTree = "<group>"; };
		0AEC0FC82475927E00902D94 /* Preview Assets.xcassets */ = {isa = PBXFileReference; lastKnownFileType = folder.assetcatalog; path = "Preview Assets.xcassets"; sourceTree = "<group>"; };
		0AEC0FCB2475927E00902D94 /* Base */ = {isa = PBXFileReference; lastKnownFileType = file.storyboard; name = Base; path = Base.lproj/LaunchScreen.storyboard; sourceTree = "<group>"; };
		0AEC0FCD2475927E00902D94 /* Info.plist */ = {isa = PBXFileReference; lastKnownFileType = text.plist.xml; path = Info.plist; sourceTree = "<group>"; };
		0AEC0FD32475DB7800902D94 /* AddView.swift */ = {isa = PBXFileReference; lastKnownFileType = sourcecode.swift; path = AddView.swift; sourceTree = "<group>"; };
/* End PBXFileReference section */

/* Begin PBXFrameworksBuildPhase section */
		0AEC0FB92475927D00902D94 /* Frameworks */ = {
			isa = PBXFrameworksBuildPhase;
			buildActionMask = 2147483647;
			files = (
			);
			runOnlyForDeploymentPostprocessing = 0;
		};
/* End PBXFrameworksBuildPhase section */

/* Begin PBXGroup section */
		0AEC0FB32475927C00902D94 = {
			isa = PBXGroup;
			children = (
				0AEC0FBE2475927D00902D94 /* Project 7 - iExpense */,
				0AEC0FBD2475927D00902D94 /* Products */,
			);
			sourceTree = "<group>";
		};
		0AEC0FBD2475927D00902D94 /* Products */ = {
			isa = PBXGroup;
			children = (
				0AEC0FBC2475927D00902D94 /* Project 7 - iExpense.app */,
			);
			name = Products;
			sourceTree = "<group>";
		};
		0AEC0FBE2475927D00902D94 /* Project 7 - iExpense */ = {
			isa = PBXGroup;
			children = (
				0AEC0FBF2475927D00902D94 /* AppDelegate.swift */,
				0AEC0FC12475927D00902D94 /* SceneDelegate.swift */,
				0AEC0FD32475DB7800902D94 /* AddView.swift */,
				0AEC0FC32475927D00902D94 /* ContentView.swift */,
				0AEC0FC52475927E00902D94 /* Assets.xcassets */,
				0AEC0FCA2475927E00902D94 /* LaunchScreen.storyboard */,
				0AEC0FCD2475927E00902D94 /* Info.plist */,
				0AEC0FC72475927E00902D94 /* Preview Content */,
			);
			path = "Project 7 - iExpense";
			sourceTree = "<group>";
		};
		0AEC0FC72475927E00902D94 /* Preview Content */ = {
			isa = PBXGroup;
			children = (
				0AEC0FC82475927E00902D94 /* Preview Assets.xcassets */,
			);
			path = "Preview Content";
			sourceTree = "<group>";
		};
/* End PBXGroup section */

/* Begin PBXNativeTarget section */
		0AEC0FBB2475927D00902D94 /* Project 7 - iExpense */ = {
			isa = PBXNativeTarget;
			buildConfigurationList = 0AEC0FD02475927E00902D94 /* Build configuration list for PBXNativeTarget "Project 7 - iExpense" */;
			buildPhases = (
				0AEC0FB82475927D00902D94 /* Sources */,
				0AEC0FB92475927D00902D94 /* Frameworks */,
				0AEC0FBA2475927D00902D94 /* Resources */,
			);
			buildRules = (
			);
			dependencies = (
			);
			name = "Project 7 - iExpense";
			productName = "Project 7 - iExpense";
			productReference = 0AEC0FBC2475927D00902D94 /* Project 7 - iExpense.app */;
			productType = "com.apple.product-type.application";
		};
/* End PBXNativeTarget section */

/* Begin PBXProject section */
		0AEC0FB42475927C00902D94 /* Project object */ = {
			isa = PBXProject;
			attributes = {
				LastSwiftUpdateCheck = 1140;
				LastUpgradeCheck = 1140;
				ORGANIZATIONNAME = "Justin Schwartz";
				TargetAttributes = {
					0AEC0FBB2475927D00902D94 = {
						CreatedOnToolsVersion = 11.4.1;
					};
				};
			};
			buildConfigurationList = 0AEC0FB72475927C00902D94 /* Build configuration list for PBXProject "Project 7 - iExpense" */;
			compatibilityVersion = "Xcode 9.3";
			developmentRegion = en;
			hasScannedForEncodings = 0;
			knownRegions = (
				en,
				Base,
			);
			mainGroup = 0AEC0FB32475927C00902D94;
			productRefGroup = 0AEC0FBD2475927D00902D94 /* Products */;
			projectDirPath = "";
			projectRoot = "";
			targets = (
				0AEC0FBB2475927D00902D94 /* Project 7 - iExpense */,
			);
		};
/* End PBXProject section */

/* Begin PBXResourcesBuildPhase section */
		0AEC0FBA2475927D00902D94 /* Resources */ = {
			isa = PBXResourcesBuildPhase;
			buildActionMask = 2147483647;
			files = (
				0AEC0FCC2475927E00902D94 /* LaunchScreen.storyboard in Resources */,
				0AEC0FC92475927E00902D94 /* Preview Assets.xcassets in Resources */,
				0AEC0FC62475927E00902D94 /* Assets.xcassets in Resources */,
			);
			runOnlyForDeploymentPostprocessing = 0;
		};
/* End PBXResourcesBuildPhase section */

/* Begin PBXSourcesBuildPhase section */
		0AEC0FB82475927D00902D94 /* Sources */ = {
			isa = PBXSourcesBuildPhase;
			buildActionMask = 2147483647;
			files = (
				0AEC0FD42475DB7800902D94 /* AddView.swift in Sources */,
				0AEC0FC02475927D00902D94 /* AppDelegate.swift in Sources */,
				0AEC0FC22475927D00902D94 /* SceneDelegate.swift in Sources */,
				0AEC0FC42475927D00902D94 /* ContentView.swift in Sources */,
			);
			runOnlyForDeploymentPostprocessing = 0;
		};
/* End PBXSourcesBuildPhase section */

/* Begin PBXVariantGroup section */
		0AEC0FCA2475927E00902D94 /* LaunchScreen.storyboard */ = {
			isa = PBXVariantGroup;
			children = (
				0AEC0FCB2475927E00902D94 /* Base */,
			);
			name = LaunchScreen.storyboard;
			sourceTree = "<group>";
		};
/* End PBXVariantGroup section */

/* Begin XCBuildConfiguration section */
		0AEC0FCE2475927E00902D94 /* Debug */ = {
			isa = XCBuildConfiguration;
			buildSettings = {
				ALWAYS_SEARCH_USER_PATHS = NO;
				CLANG_ANALYZER_NONNULL = YES;
				CLANG_ANALYZER_NUMBER_OBJECT_CONVERSION = YES_AGGRESSIVE;
				CLANG_CXX_LANGUAGE_STANDARD = "gnu++14";
				CLANG_CXX_LIBRARY = "libc++";
				CLANG_ENABLE_MODULES = YES;
				CLANG_ENABLE_OBJC_ARC = YES;
				CLANG_ENABLE_OBJC_WEAK = YES;
				CLANG_WARN_BLOCK_CAPTURE_AUTORELEASING = YES;
				CLANG_WARN_BOOL_CONVERSION = YES;
				CLANG_WARN_COMMA = YES;
				CLANG_WARN_CONSTANT_CONVERSION = YES;
				CLANG_WARN_DEPRECATED_OBJC_IMPLEMENTATIONS = YES;
				CLANG_WARN_DIRECT_OBJC_ISA_USAGE = YES_ERROR;
				CLANG_WARN_DOCUMENTATION_COMMENTS = YES;
				CLANG_WARN_EMPTY_BODY = YES;
				CLANG_WARN_ENUM_CONVERSION = YES;
				CLANG_WARN_INFINITE_RECURSION = YES;
				CLANG_WARN_INT_CONVERSION = YES;
				CLANG_WARN_NON_LITERAL_NULL_CONVERSION = YES;
				CLANG_WARN_OBJC_IMPLICIT_RETAIN_SELF = YES;
				CLANG_WARN_OBJC_LITERAL_CONVERSION = YES;
				CLANG_WARN_OBJC_ROOT_CLASS = YES_ERROR;
				CLANG_WARN_RANGE_LOOP_ANALYSIS = YES;
				CLANG_WARN_STRICT_PROTOTYPES = YES;
				CLANG_WARN_SUSPICIOUS_MOVE = YES;
				CLANG_WARN_UNGUARDED_AVAILABILITY = YES_AGGRESSIVE;
				CLANG_WARN_UNREACHABLE_CODE = YES;
				CLANG_WARN__DUPLICATE_METHOD_MATCH = YES;
				COPY_PHASE_STRIP = NO;
				DEBUG_INFORMATION_FORMAT = dwarf;
				ENABLE_STRICT_OBJC_MSGSEND = YES;
				ENABLE_TESTABILITY = YES;
				GCC_C_LANGUAGE_STANDARD = gnu11;
				GCC_DYNAMIC_NO_PIC = NO;
				GCC_NO_COMMON_BLOCKS = YES;
				GCC_OPTIMIZATION_LEVEL = 0;
				GCC_PREPROCESSOR_DEFINITIONS = (
					"DEBUG=1",
					"$(inherited)",
				);
				GCC_WARN_64_TO_32_BIT_CONVERSION = YES;
				GCC_WARN_ABOUT_RETURN_TYPE = YES_ERROR;
				GCC_WARN_UNDECLARED_SELECTOR = YES;
				GCC_WARN_UNINITIALIZED_AUTOS = YES_AGGRESSIVE;
				GCC_WARN_UNUSED_FUNCTION = YES;
				GCC_WARN_UNUSED_VARIABLE = YES;
				IPHONEOS_DEPLOYMENT_TARGET = 13.4;
				MTL_ENABLE_DEBUG_INFO = INCLUDE_SOURCE;
				MTL_FAST_MATH = YES;
				ONLY_ACTIVE_ARCH = YES;
				SDKROOT = iphoneos;
				SWIFT_ACTIVE_COMPILATION_CONDITIONS = DEBUG;
				SWIFT_OPTIMIZATION_LEVEL = "-Onone";
			};
			name = Debug;
		};
		0AEC0FCF2475927E00902D94 /* Release */ = {
			isa = XCBuildConfiguration;
			buildSettings = {
				ALWAYS_SEARCH_USER_PATHS = NO;
				CLANG_ANALYZER_NONNULL = YES;
				CLANG_ANALYZER_NUMBER_OBJECT_CONVERSION = YES_AGGRESSIVE;
				CLANG_CXX_LANGUAGE_STANDARD = "gnu++14";
				CLANG_CXX_LIBRARY = "libc++";
				CLANG_ENABLE_MODULES = YES;
				CLANG_ENABLE_OBJC_ARC = YES;
				CLANG_ENABLE_OBJC_WEAK = YES;
				CLANG_WARN_BLOCK_CAPTURE_AUTORELEASING = YES;
				CLANG_WARN_BOOL_CONVERSION = YES;
				CLANG_WARN_COMMA = YES;
				CLANG_WARN_CONSTANT_CONVERSION = YES;
				CLANG_WARN_DEPRECATED_OBJC_IMPLEMENTATIONS = YES;
				CLANG_WARN_DIRECT_OBJC_ISA_USAGE = YES_ERROR;
				CLANG_WARN_DOCUMENTATION_COMMENTS = YES;
				CLANG_WARN_EMPTY_BODY = YES;
				CLANG_WARN_ENUM_CONVERSION = YES;
				CLANG_WARN_INFINITE_RECURSION = YES;
				CLANG_WARN_INT_CONVERSION = YES;
				CLANG_WARN_NON_LITERAL_NULL_CONVERSION = YES;
				CLANG_WARN_OBJC_IMPLICIT_RETAIN_SELF = YES;
				CLANG_WARN_OBJC_LITERAL_CONVERSION = YES;
				CLANG_WARN_OBJC_ROOT_CLASS = YES_ERROR;
				CLANG_WARN_RANGE_LOOP_ANALYSIS = YES;
				CLANG_WARN_STRICT_PROTOTYPES = YES;
				CLANG_WARN_SUSPICIOUS_MOVE = YES;
				CLANG_WARN_UNGUARDED_AVAILABILITY = YES_AGGRESSIVE;
				CLANG_WARN_UNREACHABLE_CODE = YES;
				CLANG_WARN__DUPLICATE_METHOD_MATCH = YES;
				COPY_PHASE_STRIP = NO;
				DEBUG_INFORMATION_FORMAT = "dwarf-with-dsym";
				ENABLE_NS_ASSERTIONS = NO;
				ENABLE_STRICT_OBJC_MSGSEND = YES;
				GCC_C_LANGUAGE_STANDARD = gnu11;
				GCC_NO_COMMON_BLOCKS = YES;
				GCC_WARN_64_TO_32_BIT_CONVERSION = YES;
				GCC_WARN_ABOUT_RETURN_TYPE = YES_ERROR;
				GCC_WARN_UNDECLARED_SELECTOR = YES;
				GCC_WARN_UNINITIALIZED_AUTOS = YES_AGGRESSIVE;
				GCC_WARN_UNUSED_FUNCTION = YES;
				GCC_WARN_UNUSED_VARIABLE = YES;
				IPHONEOS_DEPLOYMENT_TARGET = 13.4;
				MTL_ENABLE_DEBUG_INFO = NO;
				MTL_FAST_MATH = YES;
				SDKROOT = iphoneos;
				SWIFT_COMPILATION_MODE = wholemodule;
				SWIFT_OPTIMIZATION_LEVEL = "-O";
				VALIDATE_PRODUCT = YES;
			};
			name = Release;
		};
		0AEC0FD12475927E00902D94 /* Debug */ = {
			isa = XCBuildConfiguration;
			buildSettings = {
				ASSETCATALOG_COMPILER_APPICON_NAME = AppIcon;
				CODE_SIGN_STYLE = Automatic;
				DEVELOPMENT_ASSET_PATHS = "\"Project 7 - iExpense/Preview Content\"";
				ENABLE_PREVIEWS = YES;
				INFOPLIST_FILE = "Project 7 - iExpense/Info.plist";
				LD_RUNPATH_SEARCH_PATHS = (
					"$(inherited)",
					"@executable_path/Frameworks",
				);
				PRODUCT_BUNDLE_IDENTIFIER = "com.JustinSchwartz.Project-7---iExpense";
				PRODUCT_NAME = "$(TARGET_NAME)";
				SWIFT_VERSION = 5.0;
				TARGETED_DEVICE_FAMILY = "1,2";
			};
			name = Debug;
		};
		0AEC0FD22475927E00902D94 /* Release */ = {
			isa = XCBuildConfiguration;
			buildSettings = {
				ASSETCATALOG_COMPILER_APPICON_NAME = AppIcon;
				CODE_SIGN_STYLE = Automatic;
				DEVELOPMENT_ASSET_PATHS = "\"Project 7 - iExpense/Preview Content\"";
				ENABLE_PREVIEWS = YES;
				INFOPLIST_FILE = "Project 7 - iExpense/Info.plist";
				LD_RUNPATH_SEARCH_PATHS = (
					"$(inherited)",
					"@executable_path/Frameworks",
				);
				PRODUCT_BUNDLE_IDENTIFIER = "com.JustinSchwartz.Project-7---iExpense";
				PRODUCT_NAME = "$(TARGET_NAME)";
				SWIFT_VERSION = 5.0;
				TARGETED_DEVICE_FAMILY = "1,2";
			};
			name = Release;
		};
/* End XCBuildConfiguration section */

/* Begin XCConfigurationList section */
		0AEC0FB72475927C00902D94 /* Build configuration list for PBXProject "Project 7 - iExpense" */ = {
			isa = XCConfigurationList;
			buildConfigurations = (
				0AEC0FCE2475927E00902D94 /* Debug */,
				0AEC0FCF2475927E00902D94 /* Release */,
			);
			defaultConfigurationIsVisible = 0;
			defaultConfigurationName = Release;
		};
		0AEC0FD02475927E00902D94 /* Build configuration list for PBXNativeTarget "Project 7 - iExpense" */ = {
			isa = XCConfigurationList;
			buildConfigurations = (
				0AEC0FD12475927E00902D94 /* Debug */,
				0AEC0FD22475927E00902D94 /* Release */,
			);
			defaultConfigurationIsVisible = 0;
			defaultConfigurationName = Release;
		};
/* End XCConfigurationList section */
	};
	rootObject = 0AEC0FB42475927C00902D94 /* Project object */;
}
